{"1.2.0",
[{<<"base64url">>,{pkg,<<"base64url">>,<<"0.0.1">>},1},
 {<<"cowboy">>,
  {git,"https://github.com/ninenines/cowboy.git",
       {ref,"24d32de931a0c985ff7939077463fc8be939f0e9"}},
  0},
 {<<"cowlib">>,
  {git,"https://github.com/ninenines/cowlib",
       {ref,"d0ab49ed797e5bb48209825428d26947d74aabd5"}},
  1},
 {<<"cqerl">>,
  {git,"https://github.com/cqerl/cqerl",
       {ref,"99abeae568ec7efc68894a24c67953c51eaf11ab"}},
  0},
 {<<"eredis">>,{pkg,<<"eredis">>,<<"1.7.1">>},0},
 {<<"jsx">>,{pkg,<<"jsx">>,<<"3.1.0">>},0},
 {<<"jwt">>,
  {git,"https://github.com/artemeff/jwt",
       {ref,"b77cbb7e0460707e100bc3d0b1e6494c414d743a"}},
  0},
 {<<"lz4">>,{pkg,<<"lz4_erl">>,<<"0.2.2">>},1},
 {<<"pooler">>,{pkg,<<"pooler">>,<<"1.5.3">>},1},
 {<<"quickrand">>,{pkg,<<"quickrand">>,<<"1.7.5">>},2},
 {<<"ranch">>,
  {git,"https://github.com/ninenines/ranch",
       {ref,"10b51304b26062e0dbfd5e74824324e9a911e269"}},
  1},
 {<<"re2">>,{pkg,<<"re2">>,<<"1.9.5">>},1},
 {<<"semver">>,{pkg,<<"semver_erl">>,<<"0.0.1">>},1},
 {<<"snappy">>,
  {git,"https://github.com/skunkwerks/snappy-erlang-nif.git",
       {ref,"e8907ee8e37cfa07d933a070669a88798082c3d7"}},
  1},
 {<<"uuid">>,{pkg,<<"uuid_erl">>,<<"1.7.4">>},1}]}.
[
{pkg_hash,[
 {<<"base64url">>, <<"36A90125F5948E3AFD7BE97662A1504B934DD5DAC78451CA6E9ABF85A10286BE">>},
 {<<"eredis">>, <<"39E31AA02ADCD651C657F39AAFD4D31A9B2F63C6C700DC9CECE98D4BC3C897AB">>},
 {<<"jsx">>, <<"D12516BAA0BB23A59BB35DCCAF02A1BD08243FCBB9EFE24F2D9D056CCFF71268">>},
 {<<"lz4">>, <<"0C07C887A6C3E3DC6C2D0B7BDEDD6A7B5FDE412EF526F221F2431A8FCD8C030F">>},
 {<<"pooler">>, <<"898CD1FA301FC42D4A8ED598CE139B71CA85B54C16AB161152B5CC5FBDCFA1A8">>},
 {<<"quickrand">>, <<"E3086A153EB13A057FC19192D05E2D4C6BB2BDBB55746A699BEAE9847AC17CA8">>},
 {<<"re2">>, <<"3C419527FB2CC75EDA1657F04DC7E8CEA9864899B43FF6CC3250FA7525431E83">>},
 {<<"semver">>, <<"E1DC99FB20FF071B240A0280611FABA93EEB9C2ADFB02A15E20A06A9F13DFFF4">>},
 {<<"uuid">>, <<"4EC01367FEDFBAEEB9D9BC88B2D239D42CE5B53AD284741262F86B71EB82FBFA">>}]},
{pkg_hash_ext,[
 {<<"base64url">>, <<"FAB09B20E3F5DB886725544CBCF875B8E73EC93363954EB8A1A9ED834AA8C1F9">>},
 {<<"eredis">>, <<"7C2B54C566FED55FEEF3341CA79B0100A6348FD3F162184B7ED5118D258C3CC1">>},
 {<<"jsx">>, <<"0C5CC8FDC11B53CC25CF65AC6705AD39E54ECC56D1C22E4ADB8F5A53FB9427F3">>},
 {<<"lz4">>, <<"0165A9D534EB852255D5997CA539532015CF12829A9C9C6899BC90BFD2E5DD04">>},
 {<<"pooler">>, <<"058D85C5081289B90E97E4DDDBC3BB5A3B4A19A728AB3BC88C689EFCC36A07C7">>},
 {<<"quickrand">>, <<"6A1DA81FE098C0DFCFB55C5E35C20BE430128E88BBFA03D18FCF9E0EE8E342D7">>},
 {<<"re2">>, <<"4861336271AC565224E79E133CBAF90AF77739CDA3FFF25F6965B24A1146A4D6">>},
 {<<"semver">>, <<"ADF1CB935EEB2472B4B7BB8116C678C1077AE4CD5BDFE90010B765AECCE5753B">>},
 {<<"uuid">>, <<"CC76508CE5274B220B52B2B5DB6E8DC853281F312BBDE916D7187E3FA67007A5">>}]}
].
